// !$*UTF8*$!
{
	archiveVersion = 1;
	classes = {
	};
	objectVersion = 46;
	objects = {

/* Begin PBXBuildFile section */
		85A1231C1B7D440500937740 /* main.m in Sources */ = {isa = PBXBuildFile; fileRef = 85A1231B1B7D440500937740 /* main.m */; };
		85A1231F1B7D440500937740 /* AppDelegate.m in Sources */ = {isa = PBXBuildFile; fileRef = 85A1231E1B7D440500937740 /* AppDelegate.m */; };
		85A123251B7D440500937740 /* Main.storyboard in Resources */ = {isa = PBXBuildFile; fileRef = 85A123231B7D440500937740 /* Main.storyboard */; };
		85A123271B7D440500937740 /* Images.xcassets in Resources */ = {isa = PBXBuildFile; fileRef = 85A123261B7D440500937740 /* Images.xcassets */; };
		85A1232A1B7D440500937740 /* LaunchScreen.xib in Resources */ = {isa = PBXBuildFile; fileRef = 85A123281B7D440500937740 /* LaunchScreen.xib */; };
		85A123361B7D440500937740 /* CoderChartsTests.m in Sources */ = {isa = PBXBuildFile; fileRef = 85A123351B7D440500937740 /* CoderChartsTests.m */; };
		85AC149E1B7E463F0026B398 /* Charts.framework in Frameworks */ = {isa = PBXBuildFile; fileRef = 85AC149D1B7E46370026B398 /* Charts.framework */; };
		85AC149F1B7E463F0026B398 /* Charts.framework in Embed Frameworks */ = {isa = PBXBuildFile; fileRef = 85AC149D1B7E46370026B398 /* Charts.framework */; settings = {ATTRIBUTES = (CodeSignOnCopy, RemoveHeadersOnCopy, ); }; };
		85AC14A51B7E46BB0026B398 /* LineChartViewController.swift in Sources */ = {isa = PBXBuildFile; fileRef = 85AC14A41B7E46BB0026B398 /* LineChartViewController.swift */; };
		85AC14A81B7E47260026B398 /* ClientViewController.m in Sources */ = {isa = PBXBuildFile; fileRef = 85AC14A71B7E47260026B398 /* ClientViewController.m */; };
		85AE15D71B8236B40012E0B8 /* PieChartViewController.swift in Sources */ = {isa = PBXBuildFile; fileRef = 85AE15D61B8236B40012E0B8 /* PieChartViewController.swift */; };
		85AE15DA1B8236BC0012E0B8 /* DeveloperViewController.m in Sources */ = {isa = PBXBuildFile; fileRef = 85AE15D91B8236BC0012E0B8 /* DeveloperViewController.m */; };
/* End PBXBuildFile section */

/* Begin PBXContainerItemProxy section */
		85A123301B7D440500937740 /* PBXContainerItemProxy */ = {
			isa = PBXContainerItemProxy;
			containerPortal = 85A1230E1B7D440500937740 /* Project object */;
			proxyType = 1;
			remoteGlobalIDString = 85A123151B7D440500937740;
			remoteInfo = CoderCharts;
		};
		85AC149C1B7E46370026B398 /* PBXContainerItemProxy */ = {
			isa = PBXContainerItemProxy;
			containerPortal = 85AC14981B7E46370026B398 /* Charts.xcodeproj */;
			proxyType = 2;
			remoteGlobalIDString = 5BA8EC401A9D14DC00CE82E1;
			remoteInfo = Charts;
		};
		85AC14A01B7E463F0026B398 /* PBXContainerItemProxy */ = {
			isa = PBXContainerItemProxy;
			containerPortal = 85AC14981B7E46370026B398 /* Charts.xcodeproj */;
			proxyType = 1;
			remoteGlobalIDString = 5BA8EC3F1A9D14DC00CE82E1;
			remoteInfo = Charts;
		};
/* End PBXContainerItemProxy section */

/* Begin PBXCopyFilesBuildPhase section */
		85AC14A21B7E463F0026B398 /* Embed Frameworks */ = {
			isa = PBXCopyFilesBuildPhase;
			buildActionMask = 2147483647;
			dstPath = "";
			dstSubfolderSpec = 10;
			files = (
				85AC149F1B7E463F0026B398 /* Charts.framework in Embed Frameworks */,
			);
			name = "Embed Frameworks";
			runOnlyForDeploymentPostprocessing = 0;
		};
/* End PBXCopyFilesBuildPhase section */

/* Begin PBXFileReference section */
		85A123161B7D440500937740 /* CoderCharts.app */ = {isa = PBXFileReference; explicitFileType = wrapper.application; includeInIndex = 0; path = CoderCharts.app; sourceTree = BUILT_PRODUCTS_DIR; };
		85A1231A1B7D440500937740 /* Info.plist */ = {isa = PBXFileReference; lastKnownFileType = text.plist.xml; path = Info.plist; sourceTree = "<group>"; };
		85A1231B1B7D440500937740 /* main.m */ = {isa = PBXFileReference; lastKnownFileType = sourcecode.c.objc; path = main.m; sourceTree = "<group>"; };
		85A1231D1B7D440500937740 /* AppDelegate.h */ = {isa = PBXFileReference; lastKnownFileType = sourcecode.c.h; path = AppDelegate.h; sourceTree = "<group>"; };
		85A1231E1B7D440500937740 /* AppDelegate.m */ = {isa = PBXFileReference; lastKnownFileType = sourcecode.c.objc; path = AppDelegate.m; sourceTree = "<group>"; };
		85A123241B7D440500937740 /* Base */ = {isa = PBXFileReference; lastKnownFileType = file.storyboard; name = Base; path = Base.lproj/Main.storyboard; sourceTree = "<group>"; };
		85A123261B7D440500937740 /* Images.xcassets */ = {isa = PBXFileReference; lastKnownFileType = folder.assetcatalog; path = Images.xcassets; sourceTree = "<group>"; };
		85A123291B7D440500937740 /* Base */ = {isa = PBXFileReference; lastKnownFileType = file.xib; name = Base; path = Base.lproj/LaunchScreen.xib; sourceTree = "<group>"; };
		85A1232F1B7D440500937740 /* CoderChartsTests.xctest */ = {isa = PBXFileReference; explicitFileType = wrapper.cfbundle; includeInIndex = 0; path = CoderChartsTests.xctest; sourceTree = BUILT_PRODUCTS_DIR; };
		85A123341B7D440500937740 /* Info.plist */ = {isa = PBXFileReference; lastKnownFileType = text.plist.xml; path = Info.plist; sourceTree = "<group>"; };
		85A123351B7D440500937740 /* CoderChartsTests.m */ = {isa = PBXFileReference; lastKnownFileType = sourcecode.c.objc; path = CoderChartsTests.m; sourceTree = "<group>"; };
		85AC14981B7E46370026B398 /* Charts.xcodeproj */ = {isa = PBXFileReference; lastKnownFileType = "wrapper.pb-project"; name = Charts.xcodeproj; path = "../../../../ios-charts/Charts/Charts.xcodeproj"; sourceTree = "<group>"; };
		85AC14A31B7E46BB0026B398 /* CoderCharts-Bridging-Header.h */ = {isa = PBXFileReference; lastKnownFileType = sourcecode.c.h; path = "CoderCharts-Bridging-Header.h"; sourceTree = "<group>"; };
		85AC14A41B7E46BB0026B398 /* LineChartViewController.swift */ = {isa = PBXFileReference; fileEncoding = 4; lastKnownFileType = sourcecode.swift; path = LineChartViewController.swift; sourceTree = "<group>"; };
		85AC14A61B7E47260026B398 /* ClientViewController.h */ = {isa = PBXFileReference; fileEncoding = 4; lastKnownFileType = sourcecode.c.h; path = ClientViewController.h; sourceTree = "<group>"; };
		85AC14A71B7E47260026B398 /* ClientViewController.m */ = {isa = PBXFileReference; fileEncoding = 4; lastKnownFileType = sourcecode.c.objc; path = ClientViewController.m; sourceTree = "<group>"; };
		85AE15D61B8236B40012E0B8 /* PieChartViewController.swift */ = {isa = PBXFileReference; fileEncoding = 4; lastKnownFileType = sourcecode.swift; path = PieChartViewController.swift; sourceTree = "<group>"; };
		85AE15D81B8236BC0012E0B8 /* DeveloperViewController.h */ = {isa = PBXFileReference; fileEncoding = 4; lastKnownFileType = sourcecode.c.h; path = DeveloperViewController.h; sourceTree = "<group>"; };
		85AE15D91B8236BC0012E0B8 /* DeveloperViewController.m */ = {isa = PBXFileReference; fileEncoding = 4; lastKnownFileType = sourcecode.c.objc; path = DeveloperViewController.m; sourceTree = "<group>"; };
/* End PBXFileReference section */

/* Begin PBXFrameworksBuildPhase section */
		85A123131B7D440500937740 /* Frameworks */ = {
			isa = PBXFrameworksBuildPhase;
			buildActionMask = 2147483647;
			files = (
				85AC149E1B7E463F0026B398 /* Charts.framework in Frameworks */,
			);
			runOnlyForDeploymentPostprocessing = 0;
		};
		85A1232C1B7D440500937740 /* Frameworks */ = {
			isa = PBXFrameworksBuildPhase;
			buildActionMask = 2147483647;
			files = (
			);
			runOnlyForDeploymentPostprocessing = 0;
		};
/* End PBXFrameworksBuildPhase section */

/* Begin PBXGroup section */
		85A1230D1B7D440500937740 = {
			isa = PBXGroup;
			children = (
				85A123181B7D440500937740 /* CoderCharts */,
				85A123321B7D440500937740 /* CoderChartsTests */,
				85A123171B7D440500937740 /* Products */,
			);
			sourceTree = "<group>";
		};
		85A123171B7D440500937740 /* Products */ = {
			isa = PBXGroup;
			children = (
				85A123161B7D440500937740 /* CoderCharts.app */,
				85A1232F1B7D440500937740 /* CoderChartsTests.xctest */,
			);
			name = Products;
			sourceTree = "<group>";
		};
		85A123181B7D440500937740 /* CoderCharts */ = {
			isa = PBXGroup;
			children = (
				85AE15D61B8236B40012E0B8 /* PieChartViewController.swift */,
				85AE15D81B8236BC0012E0B8 /* DeveloperViewController.h */,
				85AE15D91B8236BC0012E0B8 /* DeveloperViewController.m */,
				85AC14A61B7E47260026B398 /* ClientViewController.h */,
				85AC14A71B7E47260026B398 /* ClientViewController.m */,
				85A1231D1B7D440500937740 /* AppDelegate.h */,
				85A1231E1B7D440500937740 /* AppDelegate.m */,
				85A123231B7D440500937740 /* Main.storyboard */,
				85AC14A41B7E46BB0026B398 /* LineChartViewController.swift */,
				85A123261B7D440500937740 /* Images.xcassets */,
				85A123281B7D440500937740 /* LaunchScreen.xib */,
				85A123191B7D440500937740 /* Supporting Files */,
				85AC14A31B7E46BB0026B398 /* CoderCharts-Bridging-Header.h */,
			);
			path = CoderCharts;
			sourceTree = "<group>";
		};
		85A123191B7D440500937740 /* Supporting Files */ = {
			isa = PBXGroup;
			children = (
				85AC14981B7E46370026B398 /* Charts.xcodeproj */,
				85A1231A1B7D440500937740 /* Info.plist */,
				85A1231B1B7D440500937740 /* main.m */,
			);
			name = "Supporting Files";
			sourceTree = "<group>";
		};
		85A123321B7D440500937740 /* CoderChartsTests */ = {
			isa = PBXGroup;
			children = (
				85A123351B7D440500937740 /* CoderChartsTests.m */,
				85A123331B7D440500937740 /* Supporting Files */,
			);
			path = CoderChartsTests;
			sourceTree = "<group>";
		};
		85A123331B7D440500937740 /* Supporting Files */ = {
			isa = PBXGroup;
			children = (
				85A123341B7D440500937740 /* Info.plist */,
			);
			name = "Supporting Files";
			sourceTree = "<group>";
		};
		85AC14991B7E46370026B398 /* Products */ = {
			isa = PBXGroup;
			children = (
				85AC149D1B7E46370026B398 /* Charts.framework */,
			);
			name = Products;
			sourceTree = "<group>";
		};
/* End PBXGroup section */

/* Begin PBXNativeTarget section */
		85A123151B7D440500937740 /* CoderCharts */ = {
			isa = PBXNativeTarget;
			buildConfigurationList = 85A123391B7D440500937740 /* Build configuration list for PBXNativeTarget "CoderCharts" */;
			buildPhases = (
				85A123121B7D440500937740 /* Sources */,
				85A123131B7D440500937740 /* Frameworks */,
				85A123141B7D440500937740 /* Resources */,
				85AC14A21B7E463F0026B398 /* Embed Frameworks */,
			);
			buildRules = (
			);
			dependencies = (
				85AC14A11B7E463F0026B398 /* PBXTargetDependency */,
			);
			name = CoderCharts;
			productName = CoderCharts;
			productReference = 85A123161B7D440500937740 /* CoderCharts.app */;
			productType = "com.apple.product-type.application";
		};
		85A1232E1B7D440500937740 /* CoderChartsTests */ = {
			isa = PBXNativeTarget;
			buildConfigurationList = 85A1233C1B7D440500937740 /* Build configuration list for PBXNativeTarget "CoderChartsTests" */;
			buildPhases = (
				85A1232B1B7D440500937740 /* Sources */,
				85A1232C1B7D440500937740 /* Frameworks */,
				85A1232D1B7D440500937740 /* Resources */,
			);
			buildRules = (
			);
			dependencies = (
				85A123311B7D440500937740 /* PBXTargetDependency */,
			);
			name = CoderChartsTests;
			productName = CoderChartsTests;
			productReference = 85A1232F1B7D440500937740 /* CoderChartsTests.xctest */;
			productType = "com.apple.product-type.bundle.unit-test";
		};
/* End PBXNativeTarget section */

/* Begin PBXProject section */
		85A1230E1B7D440500937740 /* Project object */ = {
			isa = PBXProject;
			attributes = {
				LastUpgradeCheck = 0640;
				ORGANIZATIONNAME = "Husein Kareem";
				TargetAttributes = {
					85A123151B7D440500937740 = {
						CreatedOnToolsVersion = 6.4;
					};
					85A1232E1B7D440500937740 = {
						CreatedOnToolsVersion = 6.4;
						TestTargetID = 85A123151B7D440500937740;
					};
				};
			};
			buildConfigurationList = 85A123111B7D440500937740 /* Build configuration list for PBXProject "CoderCharts" */;
			compatibilityVersion = "Xcode 3.2";
			developmentRegion = English;
			hasScannedForEncodings = 0;
			knownRegions = (
				en,
				Base,
			);
			mainGroup = 85A1230D1B7D440500937740;
			productRefGroup = 85A123171B7D440500937740 /* Products */;
			projectDirPath = "";
			projectReferences = (
				{
					ProductGroup = 85AC14991B7E46370026B398 /* Products */;
					ProjectRef = 85AC14981B7E46370026B398 /* Charts.xcodeproj */;
				},
			);
			projectRoot = "";
			targets = (
				85A123151B7D440500937740 /* CoderCharts */,
				85A1232E1B7D440500937740 /* CoderChartsTests */,
			);
		};
/* End PBXProject section */

/* Begin PBXReferenceProxy section */
		85AC149D1B7E46370026B398 /* Charts.framework */ = {
			isa = PBXReferenceProxy;
			fileType = wrapper.framework;
			path = Charts.framework;
			remoteRef = 85AC149C1B7E46370026B398 /* PBXContainerItemProxy */;
			sourceTree = BUILT_PRODUCTS_DIR;
		};
/* End PBXReferenceProxy section */

/* Begin PBXResourcesBuildPhase section */
		85A123141B7D440500937740 /* Resources */ = {
			isa = PBXResourcesBuildPhase;
			buildActionMask = 2147483647;
			files = (
				85A123251B7D440500937740 /* Main.storyboard in Resources */,
				85A1232A1B7D440500937740 /* LaunchScreen.xib in Resources */,
				85A123271B7D440500937740 /* Images.xcassets in Resources */,
			);
			runOnlyForDeploymentPostprocessing = 0;
		};
		85A1232D1B7D440500937740 /* Resources */ = {
			isa = PBXResourcesBuildPhase;
			buildActionMask = 2147483647;
			files = (
			);
			runOnlyForDeploymentPostprocessing = 0;
		};
/* End PBXResourcesBuildPhase section */

/* Begin PBXSourcesBuildPhase section */
		85A123121B7D440500937740 /* Sources */ = {
			isa = PBXSourcesBuildPhase;
			buildActionMask = 2147483647;
			files = (
				85AC14A51B7E46BB0026B398 /* LineChartViewController.swift in Sources */,
				85AE15D71B8236B40012E0B8 /* PieChartViewController.swift in Sources */,
				85A1231F1B7D440500937740 /* AppDelegate.m in Sources */,
				85A1231C1B7D440500937740 /* main.m in Sources */,
				85AC14A81B7E47260026B398 /* ClientViewController.m in Sources */,
				85AE15DA1B8236BC0012E0B8 /* DeveloperViewController.m in Sources */,
			);
			runOnlyForDeploymentPostprocessing = 0;
		};
		85A1232B1B7D440500937740 /* Sources */ = {
			isa = PBXSourcesBuildPhase;
			buildActionMask = 2147483647;
			files = (
				85A123361B7D440500937740 /* CoderChartsTests.m in Sources */,
			);
			runOnlyForDeploymentPostprocessing = 0;
		};
/* End PBXSourcesBuildPhase section */

/* Begin PBXTargetDependency section */
		85A123311B7D440500937740 /* PBXTargetDependency */ = {
			isa = PBXTargetDependency;
			target = 85A123151B7D440500937740 /* CoderCharts */;
			targetProxy = 85A123301B7D440500937740 /* PBXContainerItemProxy */;
		};
		85AC14A11B7E463F0026B398 /* PBXTargetDependency */ = {
			isa = PBXTargetDependency;
			name = Charts;
			targetProxy = 85AC14A01B7E463F0026B398 /* PBXContainerItemProxy */;
		};
/* End PBXTargetDependency section */

/* Begin PBXVariantGroup section */
		85A123231B7D440500937740 /* Main.storyboard */ = {
			isa = PBXVariantGroup;
			children = (
				85A123241B7D440500937740 /* Base */,
			);
			name = Main.storyboard;
			sourceTree = "<group>";
		};
		85A123281B7D440500937740 /* LaunchScreen.xib */ = {
			isa = PBXVariantGroup;
			children = (
				85A123291B7D440500937740 /* Base */,
			);
			name = LaunchScreen.xib;
			sourceTree = "<group>";
		};
/* End PBXVariantGroup section */

/* Begin XCBuildConfiguration section */
		85A123371B7D440500937740 /* Debug */ = {
			isa = XCBuildConfiguration;
			buildSettings = {
				ALWAYS_SEARCH_USER_PATHS = NO;
				CLANG_CXX_LANGUAGE_STANDARD = "gnu++0x";
				CLANG_CXX_LIBRARY = "libc++";
				CLANG_ENABLE_MODULES = YES;
				CLANG_ENABLE_OBJC_ARC = YES;
				CLANG_WARN_BOOL_CONVERSION = YES;
				CLANG_WARN_CONSTANT_CONVERSION = YES;
				CLANG_WARN_DIRECT_OBJC_ISA_USAGE = YES_ERROR;
				CLANG_WARN_EMPTY_BODY = YES;
				CLANG_WARN_ENUM_CONVERSION = YES;
				CLANG_WARN_INT_CONVERSION = YES;
				CLANG_WARN_OBJC_ROOT_CLASS = YES_ERROR;
				CLANG_WARN_UNREACHABLE_CODE = YES;
				CLANG_WARN__DUPLICATE_METHOD_MATCH = YES;
				"CODE_SIGN_IDENTITY[sdk=iphoneos*]" = "iPhone Developer";
				COPY_PHASE_STRIP = NO;
				DEBUG_INFORMATION_FORMAT = "dwarf-with-dsym";
				ENABLE_STRICT_OBJC_MSGSEND = YES;
				GCC_C_LANGUAGE_STANDARD = gnu99;
				GCC_DYNAMIC_NO_PIC = NO;
				GCC_NO_COMMON_BLOCKS = YES;
				GCC_OPTIMIZATION_LEVEL = 0;
				GCC_PREPROCESSOR_DEFINITIONS = (
					"DEBUG=1",
					"$(inherited)",
				);
				GCC_SYMBOLS_PRIVATE_EXTERN = NO;
				GCC_WARN_64_TO_32_BIT_CONVERSION = YES;
				GCC_WARN_ABOUT_RETURN_TYPE = YES_ERROR;
				GCC_WARN_UNDECLARED_SELECTOR = YES;
				GCC_WARN_UNINITIALIZED_AUTOS = YES_AGGRESSIVE;
				GCC_WARN_UNUSED_FUNCTION = YES;
				GCC_WARN_UNUSED_VARIABLE = YES;
				IPHONEOS_DEPLOYMENT_TARGET = 8.4;
				MTL_ENABLE_DEBUG_INFO = YES;
				ONLY_ACTIVE_ARCH = YES;
				SDKROOT = iphoneos;
				TARGETED_DEVICE_FAMILY = "1,2";
			};
			name = Debug;
		};
		85A123381B7D440500937740 /* Release */ = {
			isa = XCBuildConfiguration;
			buildSettings = {
				ALWAYS_SEARCH_USER_PATHS = NO;
				CLANG_CXX_LANGUAGE_STANDARD = "gnu++0x";
				CLANG_CXX_LIBRARY = "libc++";
				CLANG_ENABLE_MODULES = YES;
				CLANG_ENABLE_OBJC_ARC = YES;
				CLANG_WARN_BOOL_CONVERSION = YES;
				CLANG_WARN_CONSTANT_CONVERSION = YES;
				CLANG_WARN_DIRECT_OBJC_ISA_USAGE = YES_ERROR;
				CLANG_WARN_EMPTY_BODY = YES;
				CLANG_WARN_ENUM_CONVERSION = YES;
				CLANG_WARN_INT_CONVERSION = YES;
				CLANG_WARN_OBJC_ROOT_CLASS = YES_ERROR;
				CLANG_WARN_UNREACHABLE_CODE = YES;
				CLANG_WARN__DUPLICATE_METHOD_MATCH = YES;
				"CODE_SIGN_IDENTITY[sdk=iphoneos*]" = "iPhone Developer";
				COPY_PHASE_STRIP = NO;
				DEBUG_INFORMATION_FORMAT = "dwarf-with-dsym";
				ENABLE_NS_ASSERTIONS = NO;
				ENABLE_STRICT_OBJC_MSGSEND = YES;
				GCC_C_LANGUAGE_STANDARD = gnu99;
				GCC_NO_COMMON_BLOCKS = YES;
				GCC_WARN_64_TO_32_BIT_CONVERSION = YES;
				GCC_WARN_ABOUT_RETURN_TYPE = YES_ERROR;
				GCC_WARN_UNDECLARED_SELECTOR = YES;
				GCC_WARN_UNINITIALIZED_AUTOS = YES_AGGRESSIVE;
				GCC_WARN_UNUSED_FUNCTION = YES;
				GCC_WARN_UNUSED_VARIABLE = YES;
				IPHONEOS_DEPLOYMENT_TARGET = 8.4;
				MTL_ENABLE_DEBUG_INFO = NO;
				SDKROOT = iphoneos;
				TARGETED_DEVICE_FAMILY = "1,2";
				VALIDATE_PRODUCT = YES;
			};
			name = Release;
		};
		85A1233A1B7D440500937740 /* Debug */ = {
			isa = XCBuildConfiguration;
			buildSettings = {
				ASSETCATALOG_COMPILER_APPICON_NAME = AppIcon;
				CLANG_ENABLE_MODULES = YES;
				EMBEDDED_CONTENT_CONTAINS_SWIFT = YES;
				INFOPLIST_FILE = CoderCharts/Info.plist;
				LD_RUNPATH_SEARCH_PATHS = "$(inherited) @executable_path/Frameworks";
				PRODUCT_NAME = "$(TARGET_NAME)";
				SWIFT_OBJC_BRIDGING_HEADER = "CoderCharts/CoderCharts-Bridging-Header.h";
				SWIFT_OPTIMIZATION_LEVEL = "-Onone";
			};
			name = Debug;
		};
		85A1233B1B7D440500937740 /* Release */ = {
			isa = XCBuildConfiguration;
			buildSettings = {
				ASSETCATALOG_COMPILER_APPICON_NAME = AppIcon;
				CLANG_ENABLE_MODULES = YES;
				EMBEDDED_CONTENT_CONTAINS_SWIFT = YES;
				INFOPLIST_FILE = CoderCharts/Info.plist;
				LD_RUNPATH_SEARCH_PATHS = "$(inherited) @executable_path/Frameworks";
				PRODUCT_NAME = "$(TARGET_NAME)";
				SWIFT_OBJC_BRIDGING_HEADER = "CoderCharts/CoderCharts-Bridging-Header.h";
			};
			name = Release;
		};
		85A1233D1B7D440500937740 /* Debug */ = {
			isa = XCBuildConfiguration;
			buildSettings = {
				BUNDLE_LOADER = "$(TEST_HOST)";
				FRAMEWORK_SEARCH_PATHS = (
					"$(SDKROOT)/Developer/Library/Frameworks",
					"$(inherited)",
				);
				GCC_PREPROCESSOR_DEFINITIONS = (
					"DEBUG=1",
					"$(inherited)",
				);
				INFOPLIST_FILE = CoderChartsTests/Info.plist;
				LD_RUNPATH_SEARCH_PATHS = "$(inherited) @executable_path/Frameworks @loader_path/Frameworks";
				PRODUCT_NAME = "$(TARGET_NAME)";
				TEST_HOST = "$(BUILT_PRODUCTS_DIR)/CoderCharts.app/CoderCharts";
			};
			name = Debug;
		};
		85A1233E1B7D440500937740 /* Release */ = {
			isa = XCBuildConfiguration;
			buildSettings = {
				BUNDLE_LOADER = "$(TEST_HOST)";
				FRAMEWORK_SEARCH_PATHS = (
					"$(SDKROOT)/Developer/Library/Frameworks",
					"$(inherited)",
				);
				INFOPLIST_FILE = CoderChartsTests/Info.plist;
				LD_RUNPATH_SEARCH_PATHS = "$(inherited) @executable_path/Frameworks @loader_path/Frameworks";
				PRODUCT_NAME = "$(TARGET_NAME)";
				TEST_HOST = "$(BUILT_PRODUCTS_DIR)/CoderCharts.app/CoderCharts";
			};
			name = Release;
		};
/* End XCBuildConfiguration section */

/* Begin XCConfigurationList section */
		85A123111B7D440500937740 /* Build configuration list for PBXProject "CoderCharts" */ = {
			isa = XCConfigurationList;
			buildConfigurations = (
				85A123371B7D440500937740 /* Debug */,
				85A123381B7D440500937740 /* Release */,
			);
			defaultConfigurationIsVisible = 0;
			defaultConfigurationName = Release;
		};
		85A123391B7D440500937740 /* Build configuration list for PBXNativeTarget "CoderCharts" */ = {
			isa = XCConfigurationList;
			buildConfigurations = (
				85A1233A1B7D440500937740 /* Debug */,
				85A1233B1B7D440500937740 /* Release */,
			);
			defaultConfigurationIsVisible = 0;
			defaultConfigurationName = Release;
		};
		85A1233C1B7D440500937740 /* Build configuration list for PBXNativeTarget "CoderChartsTests" */ = {
			isa = XCConfigurationList;
			buildConfigurations = (
				85A1233D1B7D440500937740 /* Debug */,
				85A1233E1B7D440500937740 /* Release */,
			);
			defaultConfigurationIsVisible = 0;
			defaultConfigurationName = Release;
		};
/* End XCConfigurationList section */
	};
	rootObject = 85A1230E1B7D440500937740 /* Project object */;
}
