// !$*UTF8*$!
{
	archiveVersion = 1;
	classes = {
	};
	objectVersion = 46;
	objects = {

/* Begin PBXBuildFile section */
		2C96849061AABFC3E7787271 /* Pods_CoderCharts.framework in Frameworks */ = {isa = PBXBuildFile; fileRef = E65CA36E9930865210C52BE5 /* Pods_CoderCharts.framework */; settings = {ATTRIBUTES = (Weak, ); }; };
		85A1231C1B7D440500937740 /* main.m in Sources */ = {isa = PBXBuildFile; fileRef = 85A1231B1B7D440500937740 /* main.m */; };
		85A1231F1B7D440500937740 /* AppDelegate.m in Sources */ = {isa = PBXBuildFile; fileRef = 85A1231E1B7D440500937740 /* AppDelegate.m */; };
		85A123251B7D440500937740 /* Main.storyboard in Resources */ = {isa = PBXBuildFile; fileRef = 85A123231B7D440500937740 /* Main.storyboard */; };
		85A123271B7D440500937740 /* Images.xcassets in Resources */ = {isa = PBXBuildFile; fileRef = 85A123261B7D440500937740 /* Images.xcassets */; };
		85A1232A1B7D440500937740 /* LaunchScreen.xib in Resources */ = {isa = PBXBuildFile; fileRef = 85A123281B7D440500937740 /* LaunchScreen.xib */; };
		85A123361B7D440500937740 /* CoderChartsTests.m in Sources */ = {isa = PBXBuildFile; fileRef = 85A123351B7D440500937740 /* CoderChartsTests.m */; };
		85AC14A51B7E46BB0026B398 /* LineChartViewController.swift in Sources */ = {isa = PBXBuildFile; fileRef = 85AC14A41B7E46BB0026B398 /* LineChartViewController.swift */; };
		85AC14A81B7E47260026B398 /* ClientViewController.m in Sources */ = {isa = PBXBuildFile; fileRef = 85AC14A71B7E47260026B398 /* ClientViewController.m */; };
		85AE15D71B8236B40012E0B8 /* PieChartViewController.swift in Sources */ = {isa = PBXBuildFile; fileRef = 85AE15D61B8236B40012E0B8 /* PieChartViewController.swift */; };
		85AE15DA1B8236BC0012E0B8 /* DeveloperViewController.m in Sources */ = {isa = PBXBuildFile; fileRef = 85AE15D91B8236BC0012E0B8 /* DeveloperViewController.m */; };
		BFCC0C11A319818F97A46DBF /* Pods_CoderChartsTests.framework in Frameworks */ = {isa = PBXBuildFile; fileRef = CAC2818337BC073C515301EF /* Pods_CoderChartsTests.framework */; settings = {ATTRIBUTES = (Weak, ); }; };
/* End PBXBuildFile section */

/* Begin PBXContainerItemProxy section */
		85A123301B7D440500937740 /* PBXContainerItemProxy */ = {
			isa = PBXContainerItemProxy;
			containerPortal = 85A1230E1B7D440500937740 /* Project object */;
			proxyType = 1;
			remoteGlobalIDString = 85A123151B7D440500937740;
			remoteInfo = CoderCharts;
		};
/* End PBXContainerItemProxy section */

/* Begin PBXCopyFilesBuildPhase section */
		85AC14A21B7E463F0026B398 /* Embed Frameworks */ = {
			isa = PBXCopyFilesBuildPhase;
			buildActionMask = 2147483647;
			dstPath = "";
			dstSubfolderSpec = 10;
			files = (
			);
			name = "Embed Frameworks";
			runOnlyForDeploymentPostprocessing = 0;
		};
/* End PBXCopyFilesBuildPhase section */

/* Begin PBXFileReference section */
		6C94BB4CF7782F42F11F1587 /* Pods-CoderChartsTests.debug.xcconfig */ = {isa = PBXFileReference; includeInIndex = 1; lastKnownFileType = text.xcconfig; name = "Pods-CoderChartsTests.debug.xcconfig"; path = "Pods/Target Support Files/Pods-CoderChartsTests/Pods-CoderChartsTests.debug.xcconfig"; sourceTree = "<group>"; };
		85A123161B7D440500937740 /* CoderCharts.app */ = {isa = PBXFileReference; explicitFileType = wrapper.application; includeInIndex = 0; path = CoderCharts.app; sourceTree = BUILT_PRODUCTS_DIR; };
		85A1231A1B7D440500937740 /* Info.plist */ = {isa = PBXFileReference; lastKnownFileType = text.plist.xml; path = Info.plist; sourceTree = "<group>"; };
		85A1231B1B7D440500937740 /* main.m */ = {isa = PBXFileReference; lastKnownFileType = sourcecode.c.objc; path = main.m; sourceTree = "<group>"; };
		85A1231D1B7D440500937740 /* AppDelegate.h */ = {isa = PBXFileReference; lastKnownFileType = sourcecode.c.h; path = AppDelegate.h; sourceTree = "<group>"; };
		85A1231E1B7D440500937740 /* AppDelegate.m */ = {isa = PBXFileReference; lastKnownFileType = sourcecode.c.objc; path = AppDelegate.m; sourceTree = "<group>"; };
		85A123241B7D440500937740 /* Base */ = {isa = PBXFileReference; lastKnownFileType = file.storyboard; name = Base; path = Base.lproj/Main.storyboard; sourceTree = "<group>"; };
		85A123261B7D440500937740 /* Images.xcassets */ = {isa = PBXFileReference; lastKnownFileType = folder.assetcatalog; path = Images.xcassets; sourceTree = "<group>"; };
		85A123291B7D440500937740 /* Base */ = {isa = PBXFileReference; lastKnownFileType = file.xib; name = Base; path = Base.lproj/LaunchScreen.xib; sourceTree = "<group>"; };
		85A1232F1B7D440500937740 /* CoderChartsTests.xctest */ = {isa = PBXFileReference; explicitFileType = wrapper.cfbundle; includeInIndex = 0; path = CoderChartsTests.xctest; sourceTree = BUILT_PRODUCTS_DIR; };
		85A123341B7D440500937740 /* Info.plist */ = {isa = PBXFileReference; lastKnownFileType = text.plist.xml; path = Info.plist; sourceTree = "<group>"; };
		85A123351B7D440500937740 /* CoderChartsTests.m */ = {isa = PBXFileReference; lastKnownFileType = sourcecode.c.objc; path = CoderChartsTests.m; sourceTree = "<group>"; };
		85AC14A31B7E46BB0026B398 /* CoderCharts-Bridging-Header.h */ = {isa = PBXFileReference; lastKnownFileType = sourcecode.c.h; path = "CoderCharts-Bridging-Header.h"; sourceTree = "<group>"; };
		85AC14A41B7E46BB0026B398 /* LineChartViewController.swift */ = {isa = PBXFileReference; fileEncoding = 4; lastKnownFileType = sourcecode.swift; path = LineChartViewController.swift; sourceTree = "<group>"; };
		85AC14A61B7E47260026B398 /* ClientViewController.h */ = {isa = PBXFileReference; fileEncoding = 4; lastKnownFileType = sourcecode.c.h; path = ClientViewController.h; sourceTree = "<group>"; };
		85AC14A71B7E47260026B398 /* ClientViewController.m */ = {isa = PBXFileReference; fileEncoding = 4; lastKnownFileType = sourcecode.c.objc; path = ClientViewController.m; sourceTree = "<group>"; };
		85AE15D61B8236B40012E0B8 /* PieChartViewController.swift */ = {isa = PBXFileReference; fileEncoding = 4; lastKnownFileType = sourcecode.swift; path = PieChartViewController.swift; sourceTree = "<group>"; };
		85AE15D81B8236BC0012E0B8 /* DeveloperViewController.h */ = {isa = PBXFileReference; fileEncoding = 4; lastKnownFileType = sourcecode.c.h; path = DeveloperViewController.h; sourceTree = "<group>"; };
		85AE15D91B8236BC0012E0B8 /* DeveloperViewController.m */ = {isa = PBXFileReference; fileEncoding = 4; lastKnownFileType = sourcecode.c.objc; path = DeveloperViewController.m; sourceTree = "<group>"; };
		AAED15A789AED6777C6ED12A /* Pods-CoderChartsTests.release.xcconfig */ = {isa = PBXFileReference; includeInIndex = 1; lastKnownFileType = text.xcconfig; name = "Pods-CoderChartsTests.release.xcconfig"; path = "Pods/Target Support Files/Pods-CoderChartsTests/Pods-CoderChartsTests.release.xcconfig"; sourceTree = "<group>"; };
		CAC2818337BC073C515301EF /* Pods_CoderChartsTests.framework */ = {isa = PBXFileReference; explicitFileType = wrapper.framework; includeInIndex = 0; path = Pods_CoderChartsTests.framework; sourceTree = BUILT_PRODUCTS_DIR; };
		CBF7D85D9464B9D3400E157F /* Pods-CoderCharts.release.xcconfig */ = {isa = PBXFileReference; includeInIndex = 1; lastKnownFileType = text.xcconfig; name = "Pods-CoderCharts.release.xcconfig"; path = "Pods/Target Support Files/Pods-CoderCharts/Pods-CoderCharts.release.xcconfig"; sourceTree = "<group>"; };
		D32C4FE04D14145A291920ED /* Pods-CoderCharts.debug.xcconfig */ = {isa = PBXFileReference; includeInIndex = 1; lastKnownFileType = text.xcconfig; name = "Pods-CoderCharts.debug.xcconfig"; path = "Pods/Target Support Files/Pods-CoderCharts/Pods-CoderCharts.debug.xcconfig"; sourceTree = "<group>"; };
		E65CA36E9930865210C52BE5 /* Pods_CoderCharts.framework */ = {isa = PBXFileReference; explicitFileType = wrapper.framework; includeInIndex = 0; path = Pods_CoderCharts.framework; sourceTree = BUILT_PRODUCTS_DIR; };
/* End PBXFileReference section */

/* Begin PBXFrameworksBuildPhase section */
		85A123131B7D440500937740 /* Frameworks */ = {
			isa = PBXFrameworksBuildPhase;
			buildActionMask = 2147483647;
			files = (
				2C96849061AABFC3E7787271 /* Pods_CoderCharts.framework in Frameworks */,
			);
			runOnlyForDeploymentPostprocessing = 0;
		};
		85A1232C1B7D440500937740 /* Frameworks */ = {
			isa = PBXFrameworksBuildPhase;
			buildActionMask = 2147483647;
			files = (
				BFCC0C11A319818F97A46DBF /* Pods_CoderChartsTests.framework in Frameworks */,
			);
			runOnlyForDeploymentPostprocessing = 0;
		};
/* End PBXFrameworksBuildPhase section */

/* Begin PBXGroup section */
		85A1230D1B7D440500937740 = {
			isa = PBXGroup;
			children = (
				85A123181B7D440500937740 /* CoderCharts */,
				85A123321B7D440500937740 /* CoderChartsTests */,
				85A123171B7D440500937740 /* Products */,
				A1A9175B93EF52D4112AD505 /* Pods */,
				A68EC9D613C007D3B7C6275F /* Frameworks */,
			);
			sourceTree = "<group>";
		};
		85A123171B7D440500937740 /* Products */ = {
			isa = PBXGroup;
			children = (
				85A123161B7D440500937740 /* CoderCharts.app */,
				85A1232F1B7D440500937740 /* CoderChartsTests.xctest */,
			);
			name = Products;
			sourceTree = "<group>";
		};
		85A123181B7D440500937740 /* CoderCharts */ = {
			isa = PBXGroup;
			children = (
				85AE15D61B8236B40012E0B8 /* PieChartViewController.swift */,
				85AE15D81B8236BC0012E0B8 /* DeveloperViewController.h */,
				85AE15D91B8236BC0012E0B8 /* DeveloperViewController.m */,
				85AC14A61B7E47260026B398 /* ClientViewController.h */,
				85AC14A71B7E47260026B398 /* ClientViewController.m */,
				85A1231D1B7D440500937740 /* AppDelegate.h */,
				85A1231E1B7D440500937740 /* AppDelegate.m */,
				85A123231B7D440500937740 /* Main.storyboard */,
				85AC14A41B7E46BB0026B398 /* LineChartViewController.swift */,
				85A123261B7D440500937740 /* Images.xcassets */,
				85A123281B7D440500937740 /* LaunchScreen.xib */,
				85A123191B7D440500937740 /* Supporting Files */,
				85AC14A31B7E46BB0026B398 /* CoderCharts-Bridging-Header.h */,
			);
			path = CoderCharts;
			sourceTree = "<group>";
		};
		85A123191B7D440500937740 /* Supporting Files */ = {
			isa = PBXGroup;
			children = (
				85A1231A1B7D440500937740 /* Info.plist */,
				85A1231B1B7D440500937740 /* main.m */,
			);
			name = "Supporting Files";
			sourceTree = "<group>";
		};
		85A123321B7D440500937740 /* CoderChartsTests */ = {
			isa = PBXGroup;
			children = (
				85A123351B7D440500937740 /* CoderChartsTests.m */,
				85A123331B7D440500937740 /* Supporting Files */,
			);
			path = CoderChartsTests;
			sourceTree = "<group>";
		};
		85A123331B7D440500937740 /* Supporting Files */ = {
			isa = PBXGroup;
			children = (
				85A123341B7D440500937740 /* Info.plist */,
			);
			name = "Supporting Files";
			sourceTree = "<group>";
		};
		A1A9175B93EF52D4112AD505 /* Pods */ = {
			isa = PBXGroup;
			children = (
				D32C4FE04D14145A291920ED /* Pods-CoderCharts.debug.xcconfig */,
				CBF7D85D9464B9D3400E157F /* Pods-CoderCharts.release.xcconfig */,
				6C94BB4CF7782F42F11F1587 /* Pods-CoderChartsTests.debug.xcconfig */,
				AAED15A789AED6777C6ED12A /* Pods-CoderChartsTests.release.xcconfig */,
			);
			name = Pods;
			sourceTree = "<group>";
		};
		A68EC9D613C007D3B7C6275F /* Frameworks */ = {
			isa = PBXGroup;
			children = (
				E65CA36E9930865210C52BE5 /* Pods_CoderCharts.framework */,
				CAC2818337BC073C515301EF /* Pods_CoderChartsTests.framework */,
			);
			name = Frameworks;
			sourceTree = "<group>";
		};
/* End PBXGroup section */

/* Begin PBXNativeTarget section */
		85A123151B7D440500937740 /* CoderCharts */ = {
			isa = PBXNativeTarget;
			buildConfigurationList = 85A123391B7D440500937740 /* Build configuration list for PBXNativeTarget "CoderCharts" */;
			buildPhases = (
				34561ADAF5920981DAD87369 /* Check Pods Manifest.lock */,
				85A123121B7D440500937740 /* Sources */,
				85A123131B7D440500937740 /* Frameworks */,
				85A123141B7D440500937740 /* Resources */,
				85AC14A21B7E463F0026B398 /* Embed Frameworks */,
				9966CA76DA9C98E89C3ED55E /* Embed Pods Frameworks */,
				F6010588E88CABB799A98BE4 /* Copy Pods Resources */,
			);
			buildRules = (
			);
			dependencies = (
			);
			name = CoderCharts;
			productName = CoderCharts;
			productReference = 85A123161B7D440500937740 /* CoderCharts.app */;
			productType = "com.apple.product-type.application";
		};
		85A1232E1B7D440500937740 /* CoderChartsTests */ = {
			isa = PBXNativeTarget;
			buildConfigurationList = 85A1233C1B7D440500937740 /* Build configuration list for PBXNativeTarget "CoderChartsTests" */;
			buildPhases = (
				BE2EC87C733574B601B7F84A /* Check Pods Manifest.lock */,
				85A1232B1B7D440500937740 /* Sources */,
				85A1232C1B7D440500937740 /* Frameworks */,
				85A1232D1B7D440500937740 /* Resources */,
				37F1BA518A788A9B388FC98E /* Embed Pods Frameworks */,
				112523242877B89E3C9D45BB /* Copy Pods Resources */,
			);
			buildRules = (
			);
			dependencies = (
				85A123311B7D440500937740 /* PBXTargetDependency */,
			);
			name = CoderChartsTests;
			productName = CoderChartsTests;
			productReference = 85A1232F1B7D440500937740 /* CoderChartsTests.xctest */;
			productType = "com.apple.product-type.bundle.unit-test";
		};
/* End PBXNativeTarget section */

/* Begin PBXProject section */
		85A1230E1B7D440500937740 /* Project object */ = {
			isa = PBXProject;
			attributes = {
				LastUpgradeCheck = 0640;
				ORGANIZATIONNAME = "Husein Kareem";
				TargetAttributes = {
					85A123151B7D440500937740 = {
						CreatedOnToolsVersion = 6.4;
					};
					85A1232E1B7D440500937740 = {
						CreatedOnToolsVersion = 6.4;
						TestTargetID = 85A123151B7D440500937740;
					};
				};
			};
			buildConfigurationList = 85A123111B7D440500937740 /* Build configuration list for PBXProject "CoderCharts" */;
			compatibilityVersion = "Xcode 3.2";
			developmentRegion = English;
			hasScannedForEncodings = 0;
			knownRegions = (
				en,
				Base,
			);
			mainGroup = 85A1230D1B7D440500937740;
			productRefGroup = 85A123171B7D440500937740 /* Products */;
			projectDirPath = "";
			projectRoot = "";
			targets = (
				85A123151B7D440500937740 /* CoderCharts */,
				85A1232E1B7D440500937740 /* CoderChartsTests */,
			);
		};
/* End PBXProject section */

/* Begin PBXResourcesBuildPhase section */
		85A123141B7D440500937740 /* Resources */ = {
			isa = PBXResourcesBuildPhase;
			buildActionMask = 2147483647;
			files = (
				85A123251B7D440500937740 /* Main.storyboard in Resources */,
				85A1232A1B7D440500937740 /* LaunchScreen.xib in Resources */,
				85A123271B7D440500937740 /* Images.xcassets in Resources */,
			);
			runOnlyForDeploymentPostprocessing = 0;
		};
		85A1232D1B7D440500937740 /* Resources */ = {
			isa = PBXResourcesBuildPhase;
			buildActionMask = 2147483647;
			files = (
			);
			runOnlyForDeploymentPostprocessing = 0;
		};
/* End PBXResourcesBuildPhase section */

/* Begin PBXShellScriptBuildPhase section */
		112523242877B89E3C9D45BB /* Copy Pods Resources */ = {
			isa = PBXShellScriptBuildPhase;
			buildActionMask = 2147483647;
			files = (
			);
			inputPaths = (
			);
			name = "Copy Pods Resources";
			outputPaths = (
			);
			runOnlyForDeploymentPostprocessing = 0;
			shellPath = /bin/sh;
			shellScript = "\"${SRCROOT}/Pods/Target Support Files/Pods-CoderChartsTests/Pods-CoderChartsTests-resources.sh\"\n";
			showEnvVarsInLog = 0;
		};
		34561ADAF5920981DAD87369 /* Check Pods Manifest.lock */ = {
			isa = PBXShellScriptBuildPhase;
			buildActionMask = 2147483647;
			files = (
			);
			inputPaths = (
			);
			name = "Check Pods Manifest.lock";
			outputPaths = (
			);
			runOnlyForDeploymentPostprocessing = 0;
			shellPath = /bin/sh;
			shellScript = "diff \"${PODS_ROOT}/../Podfile.lock\" \"${PODS_ROOT}/Manifest.lock\" > /dev/null\nif [[ $? != 0 ]] ; then\n    cat << EOM\nerror: The sandbox is not in sync with the Podfile.lock. Run 'pod install' or update your CocoaPods installation.\nEOM\n    exit 1\nfi\n";
			showEnvVarsInLog = 0;
		};
		37F1BA518A788A9B388FC98E /* Embed Pods Frameworks */ = {
			isa = PBXShellScriptBuildPhase;
			buildActionMask = 2147483647;
			files = (
			);
			inputPaths = (
			);
			name = "Embed Pods Frameworks";
			outputPaths = (
			);
			runOnlyForDeploymentPostprocessing = 0;
			shellPath = /bin/sh;
			shellScript = "\"${SRCROOT}/Pods/Target Support Files/Pods-CoderChartsTests/Pods-CoderChartsTests-frameworks.sh\"\n";
			showEnvVarsInLog = 0;
		};
		9966CA76DA9C98E89C3ED55E /* Embed Pods Frameworks */ = {
			isa = PBXShellScriptBuildPhase;
			buildActionMask = 2147483647;
			files = (
			);
			inputPaths = (
			);
			name = "Embed Pods Frameworks";
			outputPaths = (
			);
			runOnlyForDeploymentPostprocessing = 0;
			shellPath = /bin/sh;
			shellScript = "\"${SRCROOT}/Pods/Target Support Files/Pods-CoderCharts/Pods-CoderCharts-frameworks.sh\"\n";
			showEnvVarsInLog = 0;
		};
		BE2EC87C733574B601B7F84A /* Check Pods Manifest.lock */ = {
			isa = PBXShellScriptBuildPhase;
			buildActionMask = 2147483647;
			files = (
			);
			inputPaths = (
			);
			name = "Check Pods Manifest.lock";
			outputPaths = (
			);
			runOnlyForDeploymentPostprocessing = 0;
			shellPath = /bin/sh;
			shellScript = "diff \"${PODS_ROOT}/../Podfile.lock\" \"${PODS_ROOT}/Manifest.lock\" > /dev/null\nif [[ $? != 0 ]] ; then\n    cat << EOM\nerror: The sandbox is not in sync with the Podfile.lock. Run 'pod install' or update your CocoaPods installation.\nEOM\n    exit 1\nfi\n";
			showEnvVarsInLog = 0;
		};
		F6010588E88CABB799A98BE4 /* Copy Pods Resources */ = {
			isa = PBXShellScriptBuildPhase;
			buildActionMask = 2147483647;
			files = (
			);
			inputPaths = (
			);
			name = "Copy Pods Resources";
			outputPaths = (
			);
			runOnlyForDeploymentPostprocessing = 0;
			shellPath = /bin/sh;
			shellScript = "\"${SRCROOT}/Pods/Target Support Files/Pods-CoderCharts/Pods-CoderCharts-resources.sh\"\n";
			showEnvVarsInLog = 0;
		};
/* End PBXShellScriptBuildPhase section */

/* Begin PBXSourcesBuildPhase section */
		85A123121B7D440500937740 /* Sources */ = {
			isa = PBXSourcesBuildPhase;
			buildActionMask = 2147483647;
			files = (
				85AC14A51B7E46BB0026B398 /* LineChartViewController.swift in Sources */,
				85AE15D71B8236B40012E0B8 /* PieChartViewController.swift in Sources */,
				85A1231F1B7D440500937740 /* AppDelegate.m in Sources */,
				85A1231C1B7D440500937740 /* main.m in Sources */,
				85AC14A81B7E47260026B398 /* ClientViewController.m in Sources */,
				85AE15DA1B8236BC0012E0B8 /* DeveloperViewController.m in Sources */,
			);
			runOnlyForDeploymentPostprocessing = 0;
		};
		85A1232B1B7D440500937740 /* Sources */ = {
			isa = PBXSourcesBuildPhase;
			buildActionMask = 2147483647;
			files = (
				85A123361B7D440500937740 /* CoderChartsTests.m in Sources */,
			);
			runOnlyForDeploymentPostprocessing = 0;
		};
/* End PBXSourcesBuildPhase section */

/* Begin PBXTargetDependency section */
		85A123311B7D440500937740 /* PBXTargetDependency */ = {
			isa = PBXTargetDependency;
			target = 85A123151B7D440500937740 /* CoderCharts */;
			targetProxy = 85A123301B7D440500937740 /* PBXContainerItemProxy */;
		};
/* End PBXTargetDependency section */

/* Begin PBXVariantGroup section */
		85A123231B7D440500937740 /* Main.storyboard */ = {
			isa = PBXVariantGroup;
			children = (
				85A123241B7D440500937740 /* Base */,
			);
			name = Main.storyboard;
			sourceTree = "<group>";
		};
		85A123281B7D440500937740 /* LaunchScreen.xib */ = {
			isa = PBXVariantGroup;
			children = (
				85A123291B7D440500937740 /* Base */,
			);
			name = LaunchScreen.xib;
			sourceTree = "<group>";
		};
/* End PBXVariantGroup section */

/* Begin XCBuildConfiguration section */
		85A123371B7D440500937740 /* Debug */ = {
			isa = XCBuildConfiguration;
			buildSettings = {
				ALWAYS_SEARCH_USER_PATHS = NO;
				CLANG_CXX_LANGUAGE_STANDARD = "gnu++0x";
				CLANG_CXX_LIBRARY = "libc++";
				CLANG_ENABLE_MODULES = YES;
				CLANG_ENABLE_OBJC_ARC = YES;
				CLANG_WARN_BOOL_CONVERSION = YES;
				CLANG_WARN_CONSTANT_CONVERSION = YES;
				CLANG_WARN_DIRECT_OBJC_ISA_USAGE = YES_ERROR;
				CLANG_WARN_EMPTY_BODY = YES;
				CLANG_WARN_ENUM_CONVERSION = YES;
				CLANG_WARN_INT_CONVERSION = YES;
				CLANG_WARN_OBJC_ROOT_CLASS = YES_ERROR;
				CLANG_WARN_UNREACHABLE_CODE = YES;
				CLANG_WARN__DUPLICATE_METHOD_MATCH = YES;
				"CODE_SIGN_IDENTITY[sdk=iphoneos*]" = "iPhone Developer";
				COPY_PHASE_STRIP = NO;
				DEBUG_INFORMATION_FORMAT = "dwarf-with-dsym";
				ENABLE_STRICT_OBJC_MSGSEND = YES;
				GCC_C_LANGUAGE_STANDARD = gnu99;
				GCC_DYNAMIC_NO_PIC = NO;
				GCC_NO_COMMON_BLOCKS = YES;
				GCC_OPTIMIZATION_LEVEL = 0;
				GCC_PREPROCESSOR_DEFINITIONS = (
					"DEBUG=1",
					"$(inherited)",
				);
				GCC_SYMBOLS_PRIVATE_EXTERN = NO;
				GCC_WARN_64_TO_32_BIT_CONVERSION = YES;
				GCC_WARN_ABOUT_RETURN_TYPE = YES_ERROR;
				GCC_WARN_UNDECLARED_SELECTOR = YES;
				GCC_WARN_UNINITIALIZED_AUTOS = YES_AGGRESSIVE;
				GCC_WARN_UNUSED_FUNCTION = YES;
				GCC_WARN_UNUSED_VARIABLE = YES;
				IPHONEOS_DEPLOYMENT_TARGET = 8.4;
				MTL_ENABLE_DEBUG_INFO = YES;
				ONLY_ACTIVE_ARCH = YES;
				SDKROOT = iphoneos;
				TARGETED_DEVICE_FAMILY = "1,2";
			};
			name = Debug;
		};
		85A123381B7D440500937740 /* Release */ = {
			isa = XCBuildConfiguration;
			buildSettings = {
				ALWAYS_SEARCH_USER_PATHS = NO;
				CLANG_CXX_LANGUAGE_STANDARD = "gnu++0x";
				CLANG_CXX_LIBRARY = "libc++";
				CLANG_ENABLE_MODULES = YES;
				CLANG_ENABLE_OBJC_ARC = YES;
				CLANG_WARN_BOOL_CONVERSION = YES;
				CLANG_WARN_CONSTANT_CONVERSION = YES;
				CLANG_WARN_DIRECT_OBJC_ISA_USAGE = YES_ERROR;
				CLANG_WARN_EMPTY_BODY = YES;
				CLANG_WARN_ENUM_CONVERSION = YES;
				CLANG_WARN_INT_CONVERSION = YES;
				CLANG_WARN_OBJC_ROOT_CLASS = YES_ERROR;
				CLANG_WARN_UNREACHABLE_CODE = YES;
				CLANG_WARN__DUPLICATE_METHOD_MATCH = YES;
				"CODE_SIGN_IDENTITY[sdk=iphoneos*]" = "iPhone Developer";
				COPY_PHASE_STRIP = NO;
				DEBUG_INFORMATION_FORMAT = "dwarf-with-dsym";
				ENABLE_NS_ASSERTIONS = NO;
				ENABLE_STRICT_OBJC_MSGSEND = YES;
				GCC_C_LANGUAGE_STANDARD = gnu99;
				GCC_NO_COMMON_BLOCKS = YES;
				GCC_WARN_64_TO_32_BIT_CONVERSION = YES;
				GCC_WARN_ABOUT_RETURN_TYPE = YES_ERROR;
				GCC_WARN_UNDECLARED_SELECTOR = YES;
				GCC_WARN_UNINITIALIZED_AUTOS = YES_AGGRESSIVE;
				GCC_WARN_UNUSED_FUNCTION = YES;
				GCC_WARN_UNUSED_VARIABLE = YES;
				IPHONEOS_DEPLOYMENT_TARGET = 8.4;
				MTL_ENABLE_DEBUG_INFO = NO;
				SDKROOT = iphoneos;
				TARGETED_DEVICE_FAMILY = "1,2";
				VALIDATE_PRODUCT = YES;
			};
			name = Release;
		};
		85A1233A1B7D440500937740 /* Debug */ = {
			isa = XCBuildConfiguration;
			baseConfigurationReference = D32C4FE04D14145A291920ED /* Pods-CoderCharts.debug.xcconfig */;
			buildSettings = {
				ASSETCATALOG_COMPILER_APPICON_NAME = AppIcon;
				CLANG_ENABLE_MODULES = YES;
				EMBEDDED_CONTENT_CONTAINS_SWIFT = YES;
				INFOPLIST_FILE = CoderCharts/Info.plist;
				LD_RUNPATH_SEARCH_PATHS = "$(inherited) @executable_path/Frameworks";
				PRODUCT_NAME = "$(TARGET_NAME)";
				SWIFT_OBJC_BRIDGING_HEADER = "CoderCharts/CoderCharts-Bridging-Header.h";
				SWIFT_OPTIMIZATION_LEVEL = "-Onone";
			};
			name = Debug;
		};
		85A1233B1B7D440500937740 /* Release */ = {
			isa = XCBuildConfiguration;
			baseConfigurationReference = CBF7D85D9464B9D3400E157F /* Pods-CoderCharts.release.xcconfig */;
			buildSettings = {
				ASSETCATALOG_COMPILER_APPICON_NAME = AppIcon;
				CLANG_ENABLE_MODULES = YES;
				EMBEDDED_CONTENT_CONTAINS_SWIFT = YES;
				INFOPLIST_FILE = CoderCharts/Info.plist;
				LD_RUNPATH_SEARCH_PATHS = "$(inherited) @executable_path/Frameworks";
				PRODUCT_NAME = "$(TARGET_NAME)";
				SWIFT_OBJC_BRIDGING_HEADER = "CoderCharts/CoderCharts-Bridging-Header.h";
			};
			name = Release;
		};
		85A1233D1B7D440500937740 /* Debug */ = {
			isa = XCBuildConfiguration;
			baseConfigurationReference = 6C94BB4CF7782F42F11F1587 /* Pods-CoderChartsTests.debug.xcconfig */;
			buildSettings = {
				BUNDLE_LOADER = "$(TEST_HOST)";
				FRAMEWORK_SEARCH_PATHS = (
					"$(SDKROOT)/Developer/Library/Frameworks",
					"$(inherited)",
				);
				GCC_PREPROCESSOR_DEFINITIONS = (
					"DEBUG=1",
					"$(inherited)",
				);
				INFOPLIST_FILE = CoderChartsTests/Info.plist;
				LD_RUNPATH_SEARCH_PATHS = "$(inherited) @executable_path/Frameworks @loader_path/Frameworks";
				PRODUCT_NAME = "$(TARGET_NAME)";
				TEST_HOST = "$(BUILT_PRODUCTS_DIR)/CoderCharts.app/CoderCharts";
			};
			name = Debug;
		};
		85A1233E1B7D440500937740 /* Release */ = {
			isa = XCBuildConfiguration;
			baseConfigurationReference = AAED15A789AED6777C6ED12A /* Pods-CoderChartsTests.release.xcconfig */;
			buildSettings = {
				BUNDLE_LOADER = "$(TEST_HOST)";
				FRAMEWORK_SEARCH_PATHS = (
					"$(SDKROOT)/Developer/Library/Frameworks",
					"$(inherited)",
				);
				INFOPLIST_FILE = CoderChartsTests/Info.plist;
				LD_RUNPATH_SEARCH_PATHS = "$(inherited) @executable_path/Frameworks @loader_path/Frameworks";
				PRODUCT_NAME = "$(TARGET_NAME)";
				TEST_HOST = "$(BUILT_PRODUCTS_DIR)/CoderCharts.app/CoderCharts";
			};
			name = Release;
		};
/* End XCBuildConfiguration section */

/* Begin XCConfigurationList section */
		85A123111B7D440500937740 /* Build configuration list for PBXProject "CoderCharts" */ = {
			isa = XCConfigurationList;
			buildConfigurations = (
				85A123371B7D440500937740 /* Debug */,
				85A123381B7D440500937740 /* Release */,
			);
			defaultConfigurationIsVisible = 0;
			defaultConfigurationName = Release;
		};
		85A123391B7D440500937740 /* Build configuration list for PBXNativeTarget "CoderCharts" */ = {
			isa = XCConfigurationList;
			buildConfigurations = (
				85A1233A1B7D440500937740 /* Debug */,
				85A1233B1B7D440500937740 /* Release */,
			);
			defaultConfigurationIsVisible = 0;
			defaultConfigurationName = Release;
		};
		85A1233C1B7D440500937740 /* Build configuration list for PBXNativeTarget "CoderChartsTests" */ = {
			isa = XCConfigurationList;
			buildConfigurations = (
				85A1233D1B7D440500937740 /* Debug */,
				85A1233E1B7D440500937740 /* Release */,
			);
			defaultConfigurationIsVisible = 0;
			defaultConfigurationName = Release;
		};
/* End XCConfigurationList section */
	};
	rootObject = 85A1230E1B7D440500937740 /* Project object */;
}
